
Microsoft Visual Studio Solution File, Format Version 12.00
# Visual Studio Version 16
VisualStudioVersion = 16.0.31205.134
MinimumVisualStudioVersion = 10.0.40219.1
Project("{FAE04EC0-301F-11D3-BF4B-00C04F79EFBC}") = "ConnectFourCore", "ConnectFourCore\ConnectFourCore.csproj", "{5C63917C-FBEB-4838-8F80-6201C8F364E0}"
EndProject
Project("{FAE04EC0-301F-11D3-BF4B-00C04F79EFBC}") = "ConnectFourConsole", "ConnectFourConsole\ConnectFourConsole.csproj", "{99E8B539-A3AF-48CD-89D9-C38994E3F191}"
EndProject
Project("{FAE04EC0-301F-11D3-BF4B-00C04F79EFBC}") = "ConnectFourTests", "ConnectFourTests\ConnectFourTests.csproj", "{A2BE63E5-43A6-4760-8B20-EA377D2D94ED}"
EndProject
Project("{FAE04EC0-301F-11D3-BF4B-00C04F79EFBC}") = "ConnectFour.Shared", "ConnectFour.Shared\ConnectFour.Shared.csproj", "{68F20A8D-E0FD-4302-A0E6-EE72A65AD6B9}"
EndProject
Global
	GlobalSection(SolutionConfigurationPlatforms) = preSolution
		Debug|Any CPU = Debug|Any CPU
		Release|Any CPU = Release|Any CPU
	EndGlobalSection
	GlobalSection(ProjectConfigurationPlatforms) = postSolution
		{5C63917C-FBEB-4838-8F80-6201C8F364E0}.Debug|Any CPU.ActiveCfg = Debug|Any CPU
		{5C63917C-FBEB-4838-8F80-6201C8F364E0}.Debug|Any CPU.Build.0 = Debug|Any CPU
		{5C63917C-FBEB-4838-8F80-6201C8F364E0}.Release|Any CPU.ActiveCfg = Release|Any CPU
		{5C63917C-FBEB-4838-8F80-6201C8F364E0}.Release|Any CPU.Build.0 = Release|Any CPU
		{99E8B539-A3AF-48CD-89D9-C38994E3F191}.Debug|Any CPU.ActiveCfg = Debug|Any CPU
		{99E8B539-A3AF-48CD-89D9-C38994E3F191}.Debug|Any CPU.Build.0 = Debug|Any CPU
		{99E8B539-A3AF-48CD-89D9-C38994E3F191}.Release|Any CPU.ActiveCfg = Release|Any CPU
		{99E8B539-A3AF-48CD-89D9-C38994E3F191}.Release|Any CPU.Build.0 = Release|Any CPU
		{A2BE63E5-43A6-4760-8B20-EA377D2D94ED}.Debug|Any CPU.ActiveCfg = Debug|Any CPU
		{A2BE63E5-43A6-4760-8B20-EA377D2D94ED}.Debug|Any CPU.Build.0 = Debug|Any CPU
		{A2BE63E5-43A6-4760-8B20-EA377D2D94ED}.Release|Any CPU.ActiveCfg = Release|Any CPU
		{A2BE63E5-43A6-4760-8B20-EA377D2D94ED}.Release|Any CPU.Build.0 = Release|Any CPU
		{68F20A8D-E0FD-4302-A0E6-EE72A65AD6B9}.Debug|Any CPU.ActiveCfg = Debug|Any CPU
		{68F20A8D-E0FD-4302-A0E6-EE72A65AD6B9}.Debug|Any CPU.Build.0 = Debug|Any CPU
		{68F20A8D-E0FD-4302-A0E6-EE72A65AD6B9}.Release|Any CPU.ActiveCfg = Release|Any CPU
		{68F20A8D-E0FD-4302-A0E6-EE72A65AD6B9}.Release|Any CPU.Build.0 = Release|Any CPU
	EndGlobalSection
	GlobalSection(SolutionProperties) = preSolution
		HideSolutionNode = FALSE
	EndGlobalSection
	GlobalSection(ExtensibilityGlobals) = postSolution
		SolutionGuid = {7601E702-454A-4A2C-8CB8-B61FB0FC6486}
	EndGlobalSection
EndGlobal
